{
  "name": "frontend",
  "version": "1.0.0",
  "lockfileVersion": 1,
  "devDependencies": {
    "live-server": {
      "version": "1.2.1",
      "resolved": "https://registry.npmjs.org/live-server/-/live-server-1.2.1.tgz",
      "integrity": "sha512-...",
      "engines": {
        "node": ">=0.10.0"
      }
    }
  }
}
