{
  "name": "realm-of-the-mad-god-ip-tool",
  "version": "1.0.0",
  "lockfileVersion": 1,
  "dependencies": {
    "express": {
      "version": "4.18.2",
      "resolved": "https://registry.npmjs.org/express/-/express-4.18.2.tgz",
      "integrity": "sha512-gZXF+SbM3d+l3f1E3/vFXA3HvGFwIMH4n8t93cn6eK/rAn5Co2WbRDLzOcoRHnceD9mJVEq4w8lQ1xT/dCIXS5g==",
      "dev": true,
      "engines": {
        "node": ">= 0.10.0"
      }
    },
    "nodemon": {
      "version": "2.0.22",
      "resolved": "https://registry.npmjs.org/nodemon/-/nodemon-2.0.22.tgz",
      "integrity": "sha512-UN8zBOI1H1xQy3Mx6kNa6MwM8f61E5QjIpA1BD7NEF+T0HUM9EE5moj5MymH4sItH0gDFlIC6UDFNKXrTsnFqQ==",
      "dev": true,
      "engines": {
        "node": ">= 6.0.0"
      }
    }
  }
}
