{
  "name": "realm-of-the-mad-god-ip-tool-backend",
  "version": "1.0.0",
  "lockfileVersion": 2,
  "requires": true,
  "packages": {
    "node_modules/express": {
      "version": "4.18.2",
      "resolved": "https://registry.npmjs.org/express/-/express-4.18.2.tgz",
      "integrity": "sha512-gZXF+SbM3d+l3f1E3/vFXA3HvGFwIMH4n8t93cn6eK/rAn5Co2WbRDLzOcoRHnceD9mJVEq4w8lQ1xT/dCIXS5g=="
    },
    "node_modules/cors": {
      "version": "2.8.5",
      "resolved": "https://registry.npmjs.org/cors/-/cors-2.8.5.tgz",
      "integrity": "sha512-owI5Fmh2iN7+2xsH6MfCu0FNHmf0ab7V0t4jySgohJxG1XD8v7HY52XQroR2t+fJwvU0uQyFPvYp1zW+u5hjuw=="
    }
  }
}
